{
    "beberlei/assert": {
        "version": "v2.8.1"
    },
    "broadway/broadway": {
        "version": "2.0.0"
    },
    "broadway/broadway-bundle": {
        "version": "0.4.1"
    },
    "broadway/event-store-dbal": {
        "version": "0.1",
        "recipe": {
            "repo": "github.com/symfony/recipes-contrib",
            "branch": "master",
            "version": "0.1",
            "ref": "59b36f95fafbf4327a57c2493e02fc57d8c8e6ad"
        }
    },
    "broadway/uuid-generator": {
        "version": "0.4.0"
    },
    "doctrine/annotations": {
        "version": "1.0",
        "recipe": {
            "repo": "github.com/symfony/recipes",
            "branch": "master",
            "version": "1.0",
            "ref": "cb4152ebcadbe620ea2261da1a1c5a9b8cea7672"
        }
    },
    "doctrine/cache": {
        "version": "v1.7.1"
    },
    "doctrine/collections": {
        "version": "v1.5.0"
    },
    "doctrine/common": {
        "version": "v2.8.1"
    },
    "doctrine/dbal": {
        "version": "v2.6.3"
    },
    "doctrine/doctrine-bundle": {
        "version": "1.6",
        "recipe": {
            "repo": "github.com/symfony/recipes",
            "branch": "master",
            "version": "1.6",
            "ref": "44d3aa7752dd46f77ba11af2297a25e1dedfb4d0"
        }
    },
    "doctrine/doctrine-cache-bundle": {
        "version": "1.3.2"
    },
    "doctrine/inflector": {
        "version": "v1.2.0"
    },
    "doctrine/instantiator": {
        "version": "1.1.0"
    },
    "doctrine/lexer": {
        "version": "v1.0.1"
    },
    "fig/link-util": {
        "version": "1.0.0"
    },
    "jdorn/sql-formatter": {
        "version": "v1.2.17"
    },
    "monolog/monolog": {
        "version": "1.23.0"
    },
    "myclabs/deep-copy": {
        "version": "1.7.0"
    },
    "paragonie/random_compat": {
        "version": "v2.0.11"
    },
    "phpdocumentor/reflection-common": {
        "version": "1.0.1"
    },
    "phpdocumentor/reflection-docblock": {
        "version": "4.2.0"
    },
    "phpdocumentor/type-resolver": {
        "version": "0.4.0"
    },
    "phpspec/prophecy": {
        "version": "1.7.3"
    },
    "phpunit/php-code-coverage": {
        "version": "4.0.8"
    },
    "phpunit/php-file-iterator": {
        "version": "1.4.5"
    },
    "phpunit/php-text-template": {
        "version": "1.2.1"
    },
    "phpunit/php-timer": {
        "version": "1.0.9"
    },
    "phpunit/php-token-stream": {
        "version": "2.0.2"
    },
    "phpunit/phpunit": {
        "version": "4.7",
        "recipe": {
            "repo": "github.com/symfony/recipes",
            "branch": "master",
            "version": "4.7",
            "ref": "fc35828893288f0bb786291377433ee8d7e14738"
        }
    },
    "phpunit/phpunit-mock-objects": {
        "version": "3.4.4"
    },
    "psr/cache": {
        "version": "1.0.1"
    },
    "psr/container": {
        "version": "1.0.0"
    },
    "psr/link": {
        "version": "1.0.0"
    },
    "psr/log": {
        "version": "1.0.2"
    },
    "psr/simple-cache": {
        "version": "1.0.0"
    },
    "qandidate/stack-request-id": {
        "version": "1.1.0"
    },
    "ramsey/uuid": {
        "version": "3.7.1"
    },
    "sebastian/code-unit-reverse-lookup": {
        "version": "1.0.1"
    },
    "sebastian/comparator": {
        "version": "1.2.4"
    },
    "sebastian/diff": {
        "version": "1.4.3"
    },
    "sebastian/environment": {
        "version": "2.0.0"
    },
    "sebastian/exporter": {
        "version": "2.0.0"
    },
    "sebastian/global-state": {
        "version": "1.1.1"
    },
    "sebastian/object-enumerator": {
        "version": "2.0.1"
    },
    "sebastian/recursion-context": {
        "version": "2.0.0"
    },
    "sebastian/resource-operations": {
        "version": "1.0.0"
    },
    "sebastian/version": {
        "version": "2.0.1"
    },
    "symfony/flex": {
        "version": "1.0",
        "recipe": {
            "repo": "github.com/symfony/recipes",
            "branch": "master",
            "version": "1.0",
            "ref": "e921bdbfe20cdefa3b82f379d1cd36df1bc8d115"
        }
    },
    "symfony/monolog-bundle": {
        "version": "3.1",
        "recipe": {
            "repo": "github.com/symfony/recipes",
            "branch": "master",
            "version": "3.1",
            "ref": "c24944bd87dacf0bb8fa218dc21e4a70fff56882"
        }
    },
    "symfony/polyfill-ctype": {
        "version": "v1.8.0"
    },
    "symfony/polyfill-intl-icu": {
        "version": "v1.6.0"
    },
    "symfony/polyfill-mbstring": {
        "version": "v1.6.0"
    },
    "symfony/polyfill-php72": {
        "version": "v1.6.0"
    },
    "symfony/symfony": {
        "version": "v4.1.0"
    },
    "symfony/web-server-bundle": {
        "version": "3.3",
        "recipe": {
            "repo": "github.com/symfony/recipes",
            "branch": "master",
            "version": "3.3",
            "ref": "c72d107d077f1654428edaed69415d0228c1aefe"
        }
    },
    "twig/twig": {
        "version": "v2.4.4"
    },
    "webmozart/assert": {
        "version": "1.2.0"
    }
}
